
Microsoft Visual Studio Solution File, Format Version 12.00
Project("{2150E333-8FDC-42A3-9474-1A3956D46DE8}") = "diagrams", "diagrams", "{C5441C28-063C-4C6B-9A88-07956DE07ADE}"
EndProject
Project("{2150E333-8FDC-42A3-9474-1A3956D46DE8}") = "src", "src", "{2ED73021-49C5-41B4-9FEE-0AD5CB99719E}"
EndProject
Project("{FAE04EC0-301F-11D3-BF4B-00C04F79EFBC}") = "MeritoQuiz", "src\MeritoQuiz\MeritoQuiz.csproj", "{4CA3EEFA-794B-4280-AF02-CCF2FF2959F5}"
EndProject
Project("{FAE04EC0-301F-11D3-BF4B-00C04F79EFBC}") = "MeritoQuiz.Backend", "src\MeritoQuiz.Backend\MeritoQuiz.Backend.csproj", "{32307F85-C0FF-4B45-8BA5-9E3F919D9FFB}"
EndProject
Project("{2150E333-8FDC-42A3-9474-1A3956D46DE8}") = "tests", "tests", "{D201072B-3C11-4096-B227-BA06E51A3160}"
EndProject
Project("{FAE04EC0-301F-11D3-BF4B-00C04F79EFBC}") = "MeritoQuiz.Tests", "tests\MeritoQuiz.Tests\MeritoQuiz.Tests.csproj", "{C6A8591E-B824-4AF5-AEAA-391C39A38E5D}"
EndProject
Project("{FAE04EC0-301F-11D3-BF4B-00C04F79EFBC}") = "MeritoQuiz.Core", "src\MeritoQuiz.Core\MeritoQuiz.Core.csproj", "{22BA7567-81E0-4E5F-A767-D715908DD3F6}"
EndProject
Project("{FAE04EC0-301F-11D3-BF4B-00C04F79EFBC}") = "MeritoQuiz.Shared", "src\MeritoQuiz.Shared\MeritoQuiz.Shared.csproj", "{B8E91A5A-1B2E-4B0B-9C43-3F3C6C2F5B8E}"
EndProject
Global
	GlobalSection(SolutionConfigurationPlatforms) = preSolution
		Debug|Any CPU = Debug|Any CPU
		Debug|x64 = Debug|x64
		Debug|x86 = Debug|x86
		Release|Any CPU = Release|Any CPU
		Release|x64 = Release|x64
		Release|x86 = Release|x86
	EndGlobalSection
	GlobalSection(ProjectConfigurationPlatforms) = postSolution
		{4CA3EEFA-794B-4280-AF02-CCF2FF2959F5}.Debug|Any CPU.ActiveCfg = Debug|Any CPU
		{4CA3EEFA-794B-4280-AF02-CCF2FF2959F5}.Debug|Any CPU.Build.0 = Debug|Any CPU
		{4CA3EEFA-794B-4280-AF02-CCF2FF2959F5}.Debug|x64.ActiveCfg = Debug|Any CPU
		{4CA3EEFA-794B-4280-AF02-CCF2FF2959F5}.Debug|x64.Build.0 = Debug|Any CPU
		{4CA3EEFA-794B-4280-AF02-CCF2FF2959F5}.Debug|x86.ActiveCfg = Debug|Any CPU
		{4CA3EEFA-794B-4280-AF02-CCF2FF2959F5}.Debug|x86.Build.0 = Debug|Any CPU
		{4CA3EEFA-794B-4280-AF02-CCF2FF2959F5}.Release|Any CPU.ActiveCfg = Release|Any CPU
		{4CA3EEFA-794B-4280-AF02-CCF2FF2959F5}.Release|Any CPU.Build.0 = Release|Any CPU
		{4CA3EEFA-794B-4280-AF02-CCF2FF2959F5}.Release|x64.ActiveCfg = Release|Any CPU
		{4CA3EEFA-794B-4280-AF02-CCF2FF2959F5}.Release|x64.Build.0 = Release|Any CPU
		{4CA3EEFA-794B-4280-AF02-CCF2FF2959F5}.Release|x86.ActiveCfg = Release|Any CPU
		{4CA3EEFA-794B-4280-AF02-CCF2FF2959F5}.Release|x86.Build.0 = Release|Any CPU
		{32307F85-C0FF-4B45-8BA5-9E3F919D9FFB}.Debug|Any CPU.ActiveCfg = Debug|Any CPU
		{32307F85-C0FF-4B45-8BA5-9E3F919D9FFB}.Debug|Any CPU.Build.0 = Debug|Any CPU
		{32307F85-C0FF-4B45-8BA5-9E3F919D9FFB}.Debug|x64.ActiveCfg = Debug|Any CPU
		{32307F85-C0FF-4B45-8BA5-9E3F919D9FFB}.Debug|x64.Build.0 = Debug|Any CPU
		{32307F85-C0FF-4B45-8BA5-9E3F919D9FFB}.Debug|x86.ActiveCfg = Debug|Any CPU
		{32307F85-C0FF-4B45-8BA5-9E3F919D9FFB}.Debug|x86.Build.0 = Debug|Any CPU
		{32307F85-C0FF-4B45-8BA5-9E3F919D9FFB}.Release|Any CPU.ActiveCfg = Release|Any CPU
		{32307F85-C0FF-4B45-8BA5-9E3F919D9FFB}.Release|Any CPU.Build.0 = Release|Any CPU
		{32307F85-C0FF-4B45-8BA5-9E3F919D9FFB}.Release|x64.ActiveCfg = Release|Any CPU
		{32307F85-C0FF-4B45-8BA5-9E3F919D9FFB}.Release|x64.Build.0 = Release|Any CPU
		{32307F85-C0FF-4B45-8BA5-9E3F919D9FFB}.Release|x86.ActiveCfg = Release|Any CPU
		{32307F85-C0FF-4B45-8BA5-9E3F919D9FFB}.Release|x86.Build.0 = Release|Any CPU
		{C6A8591E-B824-4AF5-AEAA-391C39A38E5D}.Debug|Any CPU.ActiveCfg = Debug|Any CPU
		{C6A8591E-B824-4AF5-AEAA-391C39A38E5D}.Debug|Any CPU.Build.0 = Debug|Any CPU
		{C6A8591E-B824-4AF5-AEAA-391C39A38E5D}.Debug|x64.ActiveCfg = Debug|Any CPU
		{C6A8591E-B824-4AF5-AEAA-391C39A38E5D}.Debug|x64.Build.0 = Debug|Any CPU
		{C6A8591E-B824-4AF5-AEAA-391C39A38E5D}.Debug|x86.ActiveCfg = Debug|Any CPU
		{C6A8591E-B824-4AF5-AEAA-391C39A38E5D}.Debug|x86.Build.0 = Debug|Any CPU
		{C6A8591E-B824-4AF5-AEAA-391C39A38E5D}.Release|Any CPU.ActiveCfg = Release|Any CPU
		{C6A8591E-B824-4AF5-AEAA-391C39A38E5D}.Release|Any CPU.Build.0 = Release|Any CPU
		{C6A8591E-B824-4AF5-AEAA-391C39A38E5D}.Release|x64.ActiveCfg = Release|Any CPU
		{C6A8591E-B824-4AF5-AEAA-391C39A38E5D}.Release|x64.Build.0 = Release|Any CPU
		{C6A8591E-B824-4AF5-AEAA-391C39A38E5D}.Release|x86.ActiveCfg = Release|Any CPU
		{C6A8591E-B824-4AF5-AEAA-391C39A38E5D}.Release|x86.Build.0 = Release|Any CPU
		{22BA7567-81E0-4E5F-A767-D715908DD3F6}.Debug|Any CPU.ActiveCfg = Debug|Any CPU
		{22BA7567-81E0-4E5F-A767-D715908DD3F6}.Debug|Any CPU.Build.0 = Debug|Any CPU
		{22BA7567-81E0-4E5F-A767-D715908DD3F6}.Debug|x64.ActiveCfg = Debug|Any CPU
		{22BA7567-81E0-4E5F-A767-D715908DD3F6}.Debug|x64.Build.0 = Debug|Any CPU
		{22BA7567-81E0-4E5F-A767-D715908DD3F6}.Debug|x86.ActiveCfg = Debug|Any CPU
		{22BA7567-81E0-4E5F-A767-D715908DD3F6}.Debug|x86.Build.0 = Debug|Any CPU
		{22BA7567-81E0-4E5F-A767-D715908DD3F6}.Release|Any CPU.ActiveCfg = Release|Any CPU
		{22BA7567-81E0-4E5F-A767-D715908DD3F6}.Release|Any CPU.Build.0 = Release|Any CPU
		{22BA7567-81E0-4E5F-A767-D715908DD3F6}.Release|x64.ActiveCfg = Release|Any CPU
		{22BA7567-81E0-4E5F-A767-D715908DD3F6}.Release|x64.Build.0 = Release|Any CPU
		{22BA7567-81E0-4E5F-A767-D715908DD3F6}.Release|x86.ActiveCfg = Release|Any CPU
		{22BA7567-81E0-4E5F-A767-D715908DD3F6}.Release|x86.Build.0 = Release|Any CPU
		{B8E91A5A-1B2E-4B0B-9C43-3F3C6C2F5B8E}.Debug|Any CPU.ActiveCfg = Debug|Any CPU
		{B8E91A5A-1B2E-4B0B-9C43-3F3C6C2F5B8E}.Debug|Any CPU.Build.0 = Debug|Any CPU
		{B8E91A5A-1B2E-4B0B-9C43-3F3C6C2F5B8E}.Debug|x64.ActiveCfg = Debug|Any CPU
		{B8E91A5A-1B2E-4B0B-9C43-3F3C6C2F5B8E}.Debug|x64.Build.0 = Debug|Any CPU
		{B8E91A5A-1B2E-4B0B-9C43-3F3C6C2F5B8E}.Debug|x86.ActiveCfg = Debug|Any CPU
		{B8E91A5A-1B2E-4B0B-9C43-3F3C6C2F5B8E}.Debug|x86.Build.0 = Debug|Any CPU
		{B8E91A5A-1B2E-4B0B-9C43-3F3C6C2F5B8E}.Release|Any CPU.ActiveCfg = Release|Any CPU
		{B8E91A5A-1B2E-4B0B-9C43-3F3C6C2F5B8E}.Release|Any CPU.Build.0 = Release|Any CPU
		{B8E91A5A-1B2E-4B0B-9C43-3F3C6C2F5B8E}.Release|x64.ActiveCfg = Release|Any CPU
		{B8E91A5A-1B2E-4B0B-9C43-3F3C6C2F5B8E}.Release|x64.Build.0 = Release|Any CPU
		{B8E91A5A-1B2E-4B0B-9C43-3F3C6C2F5B8E}.Release|x86.ActiveCfg = Release|Any CPU
		{B8E91A5A-1B2E-4B0B-9C43-3F3C6C2F5B8E}.Release|x86.Build.0 = Release|Any CPU
	EndGlobalSection
	GlobalSection(SolutionProperties) = preSolution
		HideSolutionNode = FALSE
	EndGlobalSection
	GlobalSection(NestedProjects) = preSolution
		{4CA3EEFA-794B-4280-AF02-CCF2FF2959F5} = {2ED73021-49C5-41B4-9FEE-0AD5CB99719E}
		{32307F85-C0FF-4B45-8BA5-9E3F919D9FFB} = {2ED73021-49C5-41B4-9FEE-0AD5CB99719E}
		{C6A8591E-B824-4AF5-AEAA-391C39A38E5D} = {D201072B-3C11-4096-B227-BA06E51A3160}
		{22BA7567-81E0-4E5F-A767-D715908DD3F6} = {2ED73021-49C5-41B4-9FEE-0AD5CB99719E}
		{B8E91A5A-1B2E-4B0B-9C43-3F3C6C2F5B8E} = {2ED73021-49C5-41B4-9FEE-0AD5CB99719E}
	EndGlobalSection
EndGlobal
